
Microsoft Visual Studio Solution File, Format Version 12.00
# Visual Studio Version 17
VisualStudioVersion = 17.0.31903.59
MinimumVisualStudioVersion = 10.0.40219.1
Project("{FAE04EC0-301F-11D3-BF4B-00C04F79EFBC}") = "Zadanie8.1", "Zadanie8.1\Zadanie8.1.csproj", "{45D101CA-CF4B-4DA2-97EF-FC425EA895A0}"
EndProject
Project("{FAE04EC0-301F-11D3-BF4B-00C04F79EFBC}") = "Zadanie8.2", "Zadanie8.2\Zadanie8.2.csproj", "{F5D8E55D-CC52-4783-9FDF-0265DC0738C5}"
EndProject
Global
	GlobalSection(SolutionConfigurationPlatforms) = preSolution
		Debug|Any CPU = Debug|Any CPU
		Release|Any CPU = Release|Any CPU
	EndGlobalSection
	GlobalSection(ProjectConfigurationPlatforms) = postSolution
		{45D101CA-CF4B-4DA2-97EF-FC425EA895A0}.Debug|Any CPU.ActiveCfg = Debug|Any CPU
		{45D101CA-CF4B-4DA2-97EF-FC425EA895A0}.Debug|Any CPU.Build.0 = Debug|Any CPU
		{45D101CA-CF4B-4DA2-97EF-FC425EA895A0}.Release|Any CPU.ActiveCfg = Release|Any CPU
		{45D101CA-CF4B-4DA2-97EF-FC425EA895A0}.Release|Any CPU.Build.0 = Release|Any CPU
		{F5D8E55D-CC52-4783-9FDF-0265DC0738C5}.Debug|Any CPU.ActiveCfg = Debug|Any CPU
		{F5D8E55D-CC52-4783-9FDF-0265DC0738C5}.Debug|Any CPU.Build.0 = Debug|Any CPU
		{F5D8E55D-CC52-4783-9FDF-0265DC0738C5}.Release|Any CPU.ActiveCfg = Release|Any CPU
		{F5D8E55D-CC52-4783-9FDF-0265DC0738C5}.Release|Any CPU.Build.0 = Release|Any CPU
	EndGlobalSection
	GlobalSection(SolutionProperties) = preSolution
		HideSolutionNode = FALSE
	EndGlobalSection
	GlobalSection(ExtensibilityGlobals) = postSolution
		SolutionGuid = {8DFADEF7-C060-43B2-B964-B98A1AA28063}
	EndGlobalSection
EndGlobal
